// !$*UTF8*$!
{
	archiveVersion = 1;
	classes = {
	};
	objectVersion = 50;
	objects = {

/* Begin PBXBuildFile section */
		873F75C326FBE2AF00C75130 /* AnosovMM_HW3_5App.swift in Sources */ = {isa = PBXBuildFile; fileRef = 873F75C226FBE2AF00C75130 /* AnosovMM_HW3_5App.swift */; };
		873F75C526FBE2AF00C75130 /* ContentView.swift in Sources */ = {isa = PBXBuildFile; fileRef = 873F75C426FBE2AF00C75130 /* ContentView.swift */; };
		873F75C726FBE2B100C75130 /* Assets.xcassets in Resources */ = {isa = PBXBuildFile; fileRef = 873F75C626FBE2B100C75130 /* Assets.xcassets */; };
		873F75CA26FBE2B100C75130 /* Preview Assets.xcassets in Resources */ = {isa = PBXBuildFile; fileRef = 873F75C926FBE2B100C75130 /* Preview Assets.xcassets */; };
		873F75D226FBE2C500C75130 /* Person.swift in Sources */ = {isa = PBXBuildFile; fileRef = 873F75D126FBE2C500C75130 /* Person.swift */; };
		873F75D426FBE32B00C75130 /* DataManager.swift in Sources */ = {isa = PBXBuildFile; fileRef = 873F75D326FBE32B00C75130 /* DataManager.swift */; };
		87DC373A26FCFFA400003C50 /* ContactList.swift in Sources */ = {isa = PBXBuildFile; fileRef = 87DC373926FCFFA400003C50 /* ContactList.swift */; };
		87DC373C26FD07E600003C50 /* ContactView.swift in Sources */ = {isa = PBXBuildFile; fileRef = 87DC373B26FD07E600003C50 /* ContactView.swift */; };
		87DC374326FDA98200003C50 /* DetailContactList.swift in Sources */ = {isa = PBXBuildFile; fileRef = 87DC374226FDA98200003C50 /* DetailContactList.swift */; };
		87DC374526FDAB0C00003C50 /* Raw.swift in Sources */ = {isa = PBXBuildFile; fileRef = 87DC374426FDAB0C00003C50 /* Raw.swift */; };
/* End PBXBuildFile section */

/* Begin PBXFileReference section */
		873F75BF26FBE2AF00C75130 /* AnosovMM_HW3.5.app */ = {isa = PBXFileReference; explicitFileType = wrapper.application; includeInIndex = 0; path = AnosovMM_HW3.5.app; sourceTree = BUILT_PRODUCTS_DIR; };
		873F75C226FBE2AF00C75130 /* AnosovMM_HW3_5App.swift */ = {isa = PBXFileReference; lastKnownFileType = sourcecode.swift; path = AnosovMM_HW3_5App.swift; sourceTree = "<group>"; };
		873F75C426FBE2AF00C75130 /* ContentView.swift */ = {isa = PBXFileReference; lastKnownFileType = sourcecode.swift; path = ContentView.swift; sourceTree = "<group>"; };
		873F75C626FBE2B100C75130 /* Assets.xcassets */ = {isa = PBXFileReference; lastKnownFileType = folder.assetcatalog; path = Assets.xcassets; sourceTree = "<group>"; };
		873F75C926FBE2B100C75130 /* Preview Assets.xcassets */ = {isa = PBXFileReference; lastKnownFileType = folder.assetcatalog; path = "Preview Assets.xcassets"; sourceTree = "<group>"; };
		873F75CB26FBE2B100C75130 /* Info.plist */ = {isa = PBXFileReference; lastKnownFileType = text.plist.xml; path = Info.plist; sourceTree = "<group>"; };
		873F75D126FBE2C500C75130 /* Person.swift */ = {isa = PBXFileReference; lastKnownFileType = sourcecode.swift; path = Person.swift; sourceTree = "<group>"; };
		873F75D326FBE32B00C75130 /* DataManager.swift */ = {isa = PBXFileReference; lastKnownFileType = sourcecode.swift; path = DataManager.swift; sourceTree = "<group>"; };
		87DC373926FCFFA400003C50 /* ContactList.swift */ = {isa = PBXFileReference; lastKnownFileType = sourcecode.swift; path = ContactList.swift; sourceTree = "<group>"; };
		87DC373B26FD07E600003C50 /* ContactView.swift */ = {isa = PBXFileReference; lastKnownFileType = sourcecode.swift; path = ContactView.swift; sourceTree = "<group>"; };
		87DC374226FDA98200003C50 /* DetailContactList.swift */ = {isa = PBXFileReference; lastKnownFileType = sourcecode.swift; path = DetailContactList.swift; sourceTree = "<group>"; };
		87DC374426FDAB0C00003C50 /* Raw.swift */ = {isa = PBXFileReference; lastKnownFileType = sourcecode.swift; path = Raw.swift; sourceTree = "<group>"; };
/* End PBXFileReference section */

/* Begin PBXFrameworksBuildPhase section */
		873F75BC26FBE2AF00C75130 /* Frameworks */ = {
			isa = PBXFrameworksBuildPhase;
			buildActionMask = 2147483647;
			files = (
			);
			runOnlyForDeploymentPostprocessing = 0;
		};
/* End PBXFrameworksBuildPhase section */

/* Begin PBXGroup section */
		873F75B626FBE2AF00C75130 = {
			isa = PBXGroup;
			children = (
				873F75C126FBE2AF00C75130 /* AnosovMM_HW3.5 */,
				873F75C026FBE2AF00C75130 /* Products */,
			);
			sourceTree = "<group>";
		};
		873F75C026FBE2AF00C75130 /* Products */ = {
			isa = PBXGroup;
			children = (
				873F75BF26FBE2AF00C75130 /* AnosovMM_HW3.5.app */,
			);
			name = Products;
			sourceTree = "<group>";
		};
		873F75C126FBE2AF00C75130 /* AnosovMM_HW3.5 */ = {
			isa = PBXGroup;
			children = (
				87DC374126FDA81100003C50 /* Service */,
				87DC374026FDA7FD00003C50 /* Views */,
				87DC373F26FDA7F200003C50 /* Models */,
				873F75C626FBE2B100C75130 /* Assets.xcassets */,
				873F75CB26FBE2B100C75130 /* Info.plist */,
				873F75C226FBE2AF00C75130 /* AnosovMM_HW3_5App.swift */,
				873F75C826FBE2B100C75130 /* Preview Content */,
			);
			path = AnosovMM_HW3.5;
			sourceTree = "<group>";
		};
		873F75C826FBE2B100C75130 /* Preview Content */ = {
			isa = PBXGroup;
			children = (
				873F75C926FBE2B100C75130 /* Preview Assets.xcassets */,
			);
			path = "Preview Content";
			sourceTree = "<group>";
		};
		87DC373F26FDA7F200003C50 /* Models */ = {
			isa = PBXGroup;
			children = (
				873F75D126FBE2C500C75130 /* Person.swift */,
			);
			path = Models;
			sourceTree = "<group>";
		};
		87DC374026FDA7FD00003C50 /* Views */ = {
			isa = PBXGroup;
			children = (
				873F75C426FBE2AF00C75130 /* ContentView.swift */,
				87DC373926FCFFA400003C50 /* ContactList.swift */,
				87DC373B26FD07E600003C50 /* ContactView.swift */,
				87DC374226FDA98200003C50 /* DetailContactList.swift */,
				87DC374426FDAB0C00003C50 /* Raw.swift */,
			);
			path = Views;
			sourceTree = "<group>";
		};
		87DC374126FDA81100003C50 /* Service */ = {
			isa = PBXGroup;
			children = (
				873F75D326FBE32B00C75130 /* DataManager.swift */,
			);
			path = Service;
			sourceTree = "<group>";
		};
/* End PBXGroup section */

/* Begin PBXNativeTarget section */
		873F75BE26FBE2AF00C75130 /* AnosovMM_HW3.5 */ = {
			isa = PBXNativeTarget;
			buildConfigurationList = 873F75CE26FBE2B100C75130 /* Build configuration list for PBXNativeTarget "AnosovMM_HW3.5" */;
			buildPhases = (
				873F75BB26FBE2AF00C75130 /* Sources */,
				873F75BC26FBE2AF00C75130 /* Frameworks */,
				873F75BD26FBE2AF00C75130 /* Resources */,
			);
			buildRules = (
			);
			dependencies = (
			);
			name = AnosovMM_HW3.5;
			productName = AnosovMM_HW3.5;
			productReference = 873F75BF26FBE2AF00C75130 /* AnosovMM_HW3.5.app */;
			productType = "com.apple.product-type.application";
		};
/* End PBXNativeTarget section */

/* Begin PBXProject section */
		873F75B726FBE2AF00C75130 /* Project object */ = {
			isa = PBXProject;
			attributes = {
				LastSwiftUpdateCheck = 1250;
				LastUpgradeCheck = 1250;
				TargetAttributes = {
					873F75BE26FBE2AF00C75130 = {
						CreatedOnToolsVersion = 12.5.1;
					};
				};
			};
			buildConfigurationList = 873F75BA26FBE2AF00C75130 /* Build configuration list for PBXProject "AnosovMM_HW3.5" */;
			compatibilityVersion = "Xcode 9.3";
			developmentRegion = en;
			hasScannedForEncodings = 0;
			knownRegions = (
				en,
				Base,
			);
			mainGroup = 873F75B626FBE2AF00C75130;
			productRefGroup = 873F75C026FBE2AF00C75130 /* Products */;
			projectDirPath = "";
			projectRoot = "";
			targets = (
				873F75BE26FBE2AF00C75130 /* AnosovMM_HW3.5 */,
			);
		};
/* End PBXProject section */

/* Begin PBXResourcesBuildPhase section */
		873F75BD26FBE2AF00C75130 /* Resources */ = {
			isa = PBXResourcesBuildPhase;
			buildActionMask = 2147483647;
			files = (
				873F75CA26FBE2B100C75130 /* Preview Assets.xcassets in Resources */,
				873F75C726FBE2B100C75130 /* Assets.xcassets in Resources */,
			);
			runOnlyForDeploymentPostprocessing = 0;
		};
/* End PBXResourcesBuildPhase section */

/* Begin PBXSourcesBuildPhase section */
		873F75BB26FBE2AF00C75130 /* Sources */ = {
			isa = PBXSourcesBuildPhase;
			buildActionMask = 2147483647;
			files = (
				873F75D226FBE2C500C75130 /* Person.swift in Sources */,
				87DC373C26FD07E600003C50 /* ContactView.swift in Sources */,
				87DC374326FDA98200003C50 /* DetailContactList.swift in Sources */,
				873F75D426FBE32B00C75130 /* DataManager.swift in Sources */,
				873F75C526FBE2AF00C75130 /* ContentView.swift in Sources */,
				873F75C326FBE2AF00C75130 /* AnosovMM_HW3_5App.swift in Sources */,
				87DC374526FDAB0C00003C50 /* Raw.swift in Sources */,
				87DC373A26FCFFA400003C50 /* ContactList.swift in Sources */,
			);
			runOnlyForDeploymentPostprocessing = 0;
		};
/* End PBXSourcesBuildPhase section */

/* Begin XCBuildConfiguration section */
		873F75CC26FBE2B100C75130 /* Debug */ = {
			isa = XCBuildConfiguration;
			buildSettings = {
				ALWAYS_SEARCH_USER_PATHS = NO;
				CLANG_ANALYZER_NONNULL = YES;
				CLANG_ANALYZER_NUMBER_OBJECT_CONVERSION = YES_AGGRESSIVE;
				CLANG_CXX_LANGUAGE_STANDARD = "gnu++14";
				CLANG_CXX_LIBRARY = "libc++";
				CLANG_ENABLE_MODULES = YES;
				CLANG_ENABLE_OBJC_ARC = YES;
				CLANG_ENABLE_OBJC_WEAK = YES;
				CLANG_WARN_BLOCK_CAPTURE_AUTORELEASING = YES;
				CLANG_WARN_BOOL_CONVERSION = YES;
				CLANG_WARN_COMMA = YES;
				CLANG_WARN_CONSTANT_CONVERSION = YES;
				CLANG_WARN_DEPRECATED_OBJC_IMPLEMENTATIONS = YES;
				CLANG_WARN_DIRECT_OBJC_ISA_USAGE = YES_ERROR;
				CLANG_WARN_DOCUMENTATION_COMMENTS = YES;
				CLANG_WARN_EMPTY_BODY = YES;
				CLANG_WARN_ENUM_CONVERSION = YES;
				CLANG_WARN_INFINITE_RECURSION = YES;
				CLANG_WARN_INT_CONVERSION = YES;
				CLANG_WARN_NON_LITERAL_NULL_CONVERSION = YES;
				CLANG_WARN_OBJC_IMPLICIT_RETAIN_SELF = YES;
				CLANG_WARN_OBJC_LITERAL_CONVERSION = YES;
				CLANG_WARN_OBJC_ROOT_CLASS = YES_ERROR;
				CLANG_WARN_QUOTED_INCLUDE_IN_FRAMEWORK_HEADER = YES;
				CLANG_WARN_RANGE_LOOP_ANALYSIS = YES;
				CLANG_WARN_STRICT_PROTOTYPES = YES;
				CLANG_WARN_SUSPICIOUS_MOVE = YES;
				CLANG_WARN_UNGUARDED_AVAILABILITY = YES_AGGRESSIVE;
				CLANG_WARN_UNREACHABLE_CODE = YES;
				CLANG_WARN__DUPLICATE_METHOD_MATCH = YES;
				COPY_PHASE_STRIP = NO;
				DEBUG_INFORMATION_FORMAT = dwarf;
				ENABLE_STRICT_OBJC_MSGSEND = YES;
				ENABLE_TESTABILITY = YES;
				GCC_C_LANGUAGE_STANDARD = gnu11;
				GCC_DYNAMIC_NO_PIC = NO;
				GCC_NO_COMMON_BLOCKS = YES;
				GCC_OPTIMIZATION_LEVEL = 0;
				GCC_PREPROCESSOR_DEFINITIONS = (
					"DEBUG=1",
					"$(inherited)",
				);
				GCC_WARN_64_TO_32_BIT_CONVERSION = YES;
				GCC_WARN_ABOUT_RETURN_TYPE = YES_ERROR;
				GCC_WARN_UNDECLARED_SELECTOR = YES;
				GCC_WARN_UNINITIALIZED_AUTOS = YES_AGGRESSIVE;
				GCC_WARN_UNUSED_FUNCTION = YES;
				GCC_WARN_UNUSED_VARIABLE = YES;
				IPHONEOS_DEPLOYMENT_TARGET = 14.5;
				MTL_ENABLE_DEBUG_INFO = INCLUDE_SOURCE;
				MTL_FAST_MATH = YES;
				ONLY_ACTIVE_ARCH = YES;
				SDKROOT = iphoneos;
				SWIFT_ACTIVE_COMPILATION_CONDITIONS = DEBUG;
				SWIFT_OPTIMIZATION_LEVEL = "-Onone";
			};
			name = Debug;
		};
		873F75CD26FBE2B100C75130 /* Release */ = {
			isa = XCBuildConfiguration;
			buildSettings = {
				ALWAYS_SEARCH_USER_PATHS = NO;
				CLANG_ANALYZER_NONNULL = YES;
				CLANG_ANALYZER_NUMBER_OBJECT_CONVERSION = YES_AGGRESSIVE;
				CLANG_CXX_LANGUAGE_STANDARD = "gnu++14";
				CLANG_CXX_LIBRARY = "libc++";
				CLANG_ENABLE_MODULES = YES;
				CLANG_ENABLE_OBJC_ARC = YES;
				CLANG_ENABLE_OBJC_WEAK = YES;
				CLANG_WARN_BLOCK_CAPTURE_AUTORELEASING = YES;
				CLANG_WARN_BOOL_CONVERSION = YES;
				CLANG_WARN_COMMA = YES;
				CLANG_WARN_CONSTANT_CONVERSION = YES;
				CLANG_WARN_DEPRECATED_OBJC_IMPLEMENTATIONS = YES;
				CLANG_WARN_DIRECT_OBJC_ISA_USAGE = YES_ERROR;
				CLANG_WARN_DOCUMENTATION_COMMENTS = YES;
				CLANG_WARN_EMPTY_BODY = YES;
				CLANG_WARN_ENUM_CONVERSION = YES;
				CLANG_WARN_INFINITE_RECURSION = YES;
				CLANG_WARN_INT_CONVERSION = YES;
				CLANG_WARN_NON_LITERAL_NULL_CONVERSION = YES;
				CLANG_WARN_OBJC_IMPLICIT_RETAIN_SELF = YES;
				CLANG_WARN_OBJC_LITERAL_CONVERSION = YES;
				CLANG_WARN_OBJC_ROOT_CLASS = YES_ERROR;
				CLANG_WARN_QUOTED_INCLUDE_IN_FRAMEWORK_HEADER = YES;
				CLANG_WARN_RANGE_LOOP_ANALYSIS = YES;
				CLANG_WARN_STRICT_PROTOTYPES = YES;
				CLANG_WARN_SUSPICIOUS_MOVE = YES;
				CLANG_WARN_UNGUARDED_AVAILABILITY = YES_AGGRESSIVE;
				CLANG_WARN_UNREACHABLE_CODE = YES;
				CLANG_WARN__DUPLICATE_METHOD_MATCH = YES;
				COPY_PHASE_STRIP = NO;
				DEBUG_INFORMATION_FORMAT = "dwarf-with-dsym";
				ENABLE_NS_ASSERTIONS = NO;
				ENABLE_STRICT_OBJC_MSGSEND = YES;
				GCC_C_LANGUAGE_STANDARD = gnu11;
				GCC_NO_COMMON_BLOCKS = YES;
				GCC_WARN_64_TO_32_BIT_CONVERSION = YES;
				GCC_WARN_ABOUT_RETURN_TYPE = YES_ERROR;
				GCC_WARN_UNDECLARED_SELECTOR = YES;
				GCC_WARN_UNINITIALIZED_AUTOS = YES_AGGRESSIVE;
				GCC_WARN_UNUSED_FUNCTION = YES;
				GCC_WARN_UNUSED_VARIABLE = YES;
				IPHONEOS_DEPLOYMENT_TARGET = 14.5;
				MTL_ENABLE_DEBUG_INFO = NO;
				MTL_FAST_MATH = YES;
				SDKROOT = iphoneos;
				SWIFT_COMPILATION_MODE = wholemodule;
				SWIFT_OPTIMIZATION_LEVEL = "-O";
				VALIDATE_PRODUCT = YES;
			};
			name = Release;
		};
		873F75CF26FBE2B100C75130 /* Debug */ = {
			isa = XCBuildConfiguration;
			buildSettings = {
				ASSETCATALOG_COMPILER_APPICON_NAME = AppIcon;
				ASSETCATALOG_COMPILER_GLOBAL_ACCENT_COLOR_NAME = AccentColor;
				CODE_SIGN_STYLE = Automatic;
				DEVELOPMENT_ASSET_PATHS = "\"AnosovMM_HW3.5/Preview Content\"";
				DEVELOPMENT_TEAM = 5Z35FK4LT8;
				ENABLE_PREVIEWS = YES;
				INFOPLIST_FILE = AnosovMM_HW3.5/Info.plist;
				IPHONEOS_DEPLOYMENT_TARGET = 14.0;
				LD_RUNPATH_SEARCH_PATHS = (
					"$(inherited)",
					"@executable_path/Frameworks",
				);
				PRODUCT_BUNDLE_IDENTIFIER = "manosov14.AnosovMM-HW3-5";
				PRODUCT_NAME = "$(TARGET_NAME)";
				SWIFT_VERSION = 5.0;
				TARGETED_DEVICE_FAMILY = "1,2";
			};
			name = Debug;
		};
		873F75D026FBE2B100C75130 /* Release */ = {
			isa = XCBuildConfiguration;
			buildSettings = {
				ASSETCATALOG_COMPILER_APPICON_NAME = AppIcon;
				ASSETCATALOG_COMPILER_GLOBAL_ACCENT_COLOR_NAME = AccentColor;
				CODE_SIGN_STYLE = Automatic;
				DEVELOPMENT_ASSET_PATHS = "\"AnosovMM_HW3.5/Preview Content\"";
				DEVELOPMENT_TEAM = 5Z35FK4LT8;
				ENABLE_PREVIEWS = YES;
				INFOPLIST_FILE = AnosovMM_HW3.5/Info.plist;
				IPHONEOS_DEPLOYMENT_TARGET = 14.0;
				LD_RUNPATH_SEARCH_PATHS = (
					"$(inherited)",
					"@executable_path/Frameworks",
				);
				PRODUCT_BUNDLE_IDENTIFIER = "manosov14.AnosovMM-HW3-5";
				PRODUCT_NAME = "$(TARGET_NAME)";
				SWIFT_VERSION = 5.0;
				TARGETED_DEVICE_FAMILY = "1,2";
			};
			name = Release;
		};
/* End XCBuildConfiguration section */

/* Begin XCConfigurationList section */
		873F75BA26FBE2AF00C75130 /* Build configuration list for PBXProject "AnosovMM_HW3.5" */ = {
			isa = XCConfigurationList;
			buildConfigurations = (
				873F75CC26FBE2B100C75130 /* Debug */,
				873F75CD26FBE2B100C75130 /* Release */,
			);
			defaultConfigurationIsVisible = 0;
			defaultConfigurationName = Release;
		};
		873F75CE26FBE2B100C75130 /* Build configuration list for PBXNativeTarget "AnosovMM_HW3.5" */ = {
			isa = XCConfigurationList;
			buildConfigurations = (
				873F75CF26FBE2B100C75130 /* Debug */,
				873F75D026FBE2B100C75130 /* Release */,
			);
			defaultConfigurationIsVisible = 0;
			defaultConfigurationName = Release;
		};
/* End XCConfigurationList section */
	};
	rootObject = 873F75B726FBE2AF00C75130 /* Project object */;
}
